
Microsoft Visual Studio Solution File, Format Version 12.00
# Visual Studio Version 17
VisualStudioVersion = 17.8.34330.188
MinimumVisualStudioVersion = 10.0.40219.1
Project("{FAE04EC0-301F-11D3-BF4B-00C04F79EFBC}") = "ProductAPI", "ProductAPI\ProductAPI.csproj", "{7386BE5F-248A-451D-8184-3B92904B883C}"
EndProject
Global
	GlobalSection(SolutionConfigurationPlatforms) = preSolution
		Debug|Any CPU = Debug|Any CPU
		Release|Any CPU = Release|Any CPU
	EndGlobalSection
	GlobalSection(ProjectConfigurationPlatforms) = postSolution
		{7386BE5F-248A-451D-8184-3B92904B883C}.Debug|Any CPU.ActiveCfg = Debug|Any CPU
		{7386BE5F-248A-451D-8184-3B92904B883C}.Debug|Any CPU.Build.0 = Debug|Any CPU
		{7386BE5F-248A-451D-8184-3B92904B883C}.Release|Any CPU.ActiveCfg = Release|Any CPU
		{7386BE5F-248A-451D-8184-3B92904B883C}.Release|Any CPU.Build.0 = Release|Any CPU
	EndGlobalSection
	GlobalSection(SolutionProperties) = preSolution
		HideSolutionNode = FALSE
	EndGlobalSection
	GlobalSection(ExtensibilityGlobals) = postSolution
		SolutionGuid = {F0B39E0F-DE63-417D-8940-1B5ABED45688}
	EndGlobalSection
EndGlobal
